<?xml version="1.0" encoding="utf-8"?>
<Project ToolsVersion="17.0" xmlns="http://schemas.microsoft.com/developer/msbuild/2003">
  <ItemGroup>
    <ClCompile Include="D:\C++ Projects\CSC8503 2023\CSC8503CoreClasses\CMakeFiles\CSC8503CoreClasses.dir\cmake_pch.cxx">
      <Filter>Source Files</Filter>
    </ClCompile>
    <ClCompile Include="D:\C++ Projects\CSC8503 2023\CSC8503CoreClasses\Debug.h">
      <Filter>Header Files</Filter>
    </ClCompile>
    <ClCompile Include="D:\C++ Projects\CSC8503 2023\CSC8503CoreClasses\GameObject.h">
      <Filter>Header Files</Filter>
    </ClCompile>
    <ClCompile Include="D:\C++ Projects\CSC8503 2023\CSC8503CoreClasses\GameWorld.h">
      <Filter>Header Files</Filter>
    </ClCompile>
    <ClCompile Include="D:\C++ Projects\CSC8503 2023\CSC8503CoreClasses\RenderObject.h">
      <Filter>Header Files</Filter>
    </ClCompile>
    <ClCompile Include="D:\C++ Projects\CSC8503 2023\CSC8503CoreClasses\Transform.h">
      <Filter>Header Files</Filter>
    </ClCompile>
    <ClCompile Include="D:\C++ Projects\CSC8503 2023\CSC8503CoreClasses\Debug.cpp">
      <Filter>Source Files</Filter>
    </ClCompile>
    <ClCompile Include="D:\C++ Projects\CSC8503 2023\CSC8503CoreClasses\GameObject.cpp">
      <Filter>Source Files</Filter>
    </ClCompile>
    <ClCompile Include="D:\C++ Projects\CSC8503 2023\CSC8503CoreClasses\GameWorld.cpp">
      <Filter>Source Files</Filter>
    </ClCompile>
    <ClCompile Include="D:\C++ Projects\CSC8503 2023\CSC8503CoreClasses\RenderObject.cpp">
      <Filter>Source Files</Filter>
    </ClCompile>
    <ClCompile Include="D:\C++ Projects\CSC8503 2023\CSC8503CoreClasses\Transform.cpp">
      <Filter>Source Files</Filter>
    </ClCompile>
    <ClCompile Include="D:\C++ Projects\CSC8503 2023\CSC8503CoreClasses\BehaviourAction.h">
      <Filter>AI\Behaviour Trees</Filter>
    </ClCompile>
    <ClCompile Include="D:\C++ Projects\CSC8503 2023\CSC8503CoreClasses\BehaviourNode.h">
      <Filter>AI\Behaviour Trees</Filter>
    </ClCompile>
    <ClCompile Include="D:\C++ Projects\CSC8503 2023\CSC8503CoreClasses\BehaviourNodeWithChildren.h">
      <Filter>AI\Behaviour Trees</Filter>
    </ClCompile>
    <ClCompile Include="D:\C++ Projects\CSC8503 2023\CSC8503CoreClasses\BehaviourSelector.h">
      <Filter>AI\Behaviour Trees</Filter>
    </ClCompile>
    <ClCompile Include="D:\C++ Projects\CSC8503 2023\CSC8503CoreClasses\BehaviourSelector.cpp">
      <Filter>AI\Behaviour Trees</Filter>
    </ClCompile>
    <ClCompile Include="D:\C++ Projects\CSC8503 2023\CSC8503CoreClasses\BehaviourSequence.h">
      <Filter>AI\Behaviour Trees</Filter>
    </ClCompile>
    <ClCompile Include="D:\C++ Projects\CSC8503 2023\CSC8503CoreClasses\BehaviourSequence.cpp">
      <Filter>AI\Behaviour Trees</Filter>
    </ClCompile>
    <ClCompile Include="D:\C++ Projects\CSC8503 2023\CSC8503CoreClasses\PushdownMachine.h">
      <Filter>AI\Pushdown Automata</Filter>
    </ClCompile>
    <ClCompile Include="D:\C++ Projects\CSC8503 2023\CSC8503CoreClasses\PushdownMachine.cpp">
      <Filter>AI\Pushdown Automata</Filter>
    </ClCompile>
    <ClCompile Include="D:\C++ Projects\CSC8503 2023\CSC8503CoreClasses\PushdownState.h">
      <Filter>AI\Pushdown Automata</Filter>
    </ClCompile>
    <ClCompile Include="D:\C++ Projects\CSC8503 2023\CSC8503CoreClasses\PushdownState.cpp">
      <Filter>AI\Pushdown Automata</Filter>
    </ClCompile>
    <ClCompile Include="D:\C++ Projects\CSC8503 2023\CSC8503CoreClasses\State.h">
      <Filter>AI\State Machine</Filter>
    </ClCompile>
    <ClCompile Include="D:\C++ Projects\CSC8503 2023\CSC8503CoreClasses\StateMachine.h">
      <Filter>AI\State Machine</Filter>
    </ClCompile>
    <ClCompile Include="D:\C++ Projects\CSC8503 2023\CSC8503CoreClasses\StateMachine.cpp">
      <Filter>AI\State Machine</Filter>
    </ClCompile>
    <ClCompile Include="D:\C++ Projects\CSC8503 2023\CSC8503CoreClasses\StateTransition.h">
      <Filter>AI\State Machine</Filter>
    </ClCompile>
    <ClCompile Include="D:\C++ Projects\CSC8503 2023\CSC8503CoreClasses\NavigationGrid.h">
      <Filter>AI\Pathfinding</Filter>
    </ClCompile>
    <ClCompile Include="D:\C++ Projects\CSC8503 2023\CSC8503CoreClasses\NavigationGrid.cpp">
      <Filter>AI\Pathfinding</Filter>
    </ClCompile>
    <ClCompile Include="D:\C++ Projects\CSC8503 2023\CSC8503CoreClasses\NavigationMesh.cpp">
      <Filter>AI\Pathfinding</Filter>
    </ClCompile>
    <ClCompile Include="D:\C++ Projects\CSC8503 2023\CSC8503CoreClasses\NavigationMesh.h">
      <Filter>AI\Pathfinding</Filter>
    </ClCompile>
    <ClCompile Include="D:\C++ Projects\CSC8503 2023\CSC8503CoreClasses\NavigationMap.h">
      <Filter>AI\Pathfinding</Filter>
    </ClCompile>
    <ClCompile Include="D:\C++ Projects\CSC8503 2023\CSC8503CoreClasses\NavigationPath.h">
      <Filter>AI\Pathfinding</Filter>
    </ClCompile>
    <ClCompile Include="D:\C++ Projects\CSC8503 2023\CSC8503CoreClasses\AABBVolume.h">
      <Filter>Collision Detection</Filter>
    </ClCompile>
    <ClCompile Include="D:\C++ Projects\CSC8503 2023\CSC8503CoreClasses\CapsuleVolume.h">
      <Filter>Collision Detection</Filter>
    </ClCompile>
    <ClCompile Include="D:\C++ Projects\CSC8503 2023\CSC8503CoreClasses\CapsuleVolume.cpp">
      <Filter>Collision Detection</Filter>
    </ClCompile>
    <ClCompile Include="D:\C++ Projects\CSC8503 2023\CSC8503CoreClasses\CollisionDetection.h">
      <Filter>Collision Detection</Filter>
    </ClCompile>
    <ClCompile Include="D:\C++ Projects\CSC8503 2023\CSC8503CoreClasses\CollisionDetection.cpp">
      <Filter>Collision Detection</Filter>
    </ClCompile>
    <ClCompile Include="D:\C++ Projects\CSC8503 2023\CSC8503CoreClasses\CollisionVolume.h">
      <Filter>Collision Detection</Filter>
    </ClCompile>
    <ClCompile Include="D:\C++ Projects\CSC8503 2023\CSC8503CoreClasses\OBBVolume.h">
      <Filter>Collision Detection</Filter>
    </ClCompile>
    <ClCompile Include="D:\C++ Projects\CSC8503 2023\CSC8503CoreClasses\PlaneVolume.h">
      <Filter>Collision Detection</Filter>
    </ClCompile>
    <ClCompile Include="D:\C++ Projects\CSC8503 2023\CSC8503CoreClasses\QuadTree.h">
      <Filter>Collision Detection</Filter>
    </ClCompile>
    <ClCompile Include="D:\C++ Projects\CSC8503 2023\CSC8503CoreClasses\QuadTree.cpp">
      <Filter>Collision Detection</Filter>
    </ClCompile>
    <ClCompile Include="D:\C++ Projects\CSC8503 2023\CSC8503CoreClasses\Ray.h">
      <Filter>Collision Detection</Filter>
    </ClCompile>
    <ClCompile Include="D:\C++ Projects\CSC8503 2023\CSC8503CoreClasses\SphereVolume.h">
      <Filter>Collision Detection</Filter>
    </ClCompile>
    <ClCompile Include="D:\C++ Projects\CSC8503 2023\CSC8503CoreClasses\GameClient.h">
      <Filter>Networking</Filter>
    </ClCompile>
    <ClCompile Include="D:\C++ Projects\CSC8503 2023\CSC8503CoreClasses\GameClient.cpp">
      <Filter>Networking</Filter>
    </ClCompile>
    <ClCompile Include="D:\C++ Projects\CSC8503 2023\CSC8503CoreClasses\GameServer.h">
      <Filter>Networking</Filter>
    </ClCompile>
    <ClCompile Include="D:\C++ Projects\CSC8503 2023\CSC8503CoreClasses\GameServer.cpp">
      <Filter>Networking</Filter>
    </ClCompile>
    <ClCompile Include="D:\C++ Projects\CSC8503 2023\CSC8503CoreClasses\NetworkBase.h">
      <Filter>Networking</Filter>
    </ClCompile>
    <ClCompile Include="D:\C++ Projects\CSC8503 2023\CSC8503CoreClasses\NetworkBase.cpp">
      <Filter>Networking</Filter>
    </ClCompile>
    <ClCompile Include="D:\C++ Projects\CSC8503 2023\CSC8503CoreClasses\NetworkObject.h">
      <Filter>Networking</Filter>
    </ClCompile>
    <ClCompile Include="D:\C++ Projects\CSC8503 2023\CSC8503CoreClasses\NetworkObject.cpp">
      <Filter>Networking</Filter>
    </ClCompile>
    <ClCompile Include="D:\C++ Projects\CSC8503 2023\CSC8503CoreClasses\NetworkState.h">
      <Filter>Networking</Filter>
    </ClCompile>
    <ClCompile Include="D:\C++ Projects\CSC8503 2023\CSC8503CoreClasses\NetworkState.cpp">
      <Filter>Networking</Filter>
    </ClCompile>
    <ClCompile Include="D:\C++ Projects\CSC8503 2023\CSC8503CoreClasses\Constraint.h">
      <Filter>Physics</Filter>
    </ClCompile>
    <ClCompile Include="D:\C++ Projects\CSC8503 2023\CSC8503CoreClasses\PositionConstraint.cpp">
      <Filter>Physics</Filter>
    </ClCompile>
    <ClCompile Include="D:\C++ Projects\CSC8503 2023\CSC8503CoreClasses\PositionConstraint.h">
      <Filter>Physics</Filter>
    </ClCompile>
    <ClCompile Include="D:\C++ Projects\CSC8503 2023\CSC8503CoreClasses\OrientationConstraint.cpp">
      <Filter>Physics</Filter>
    </ClCompile>
    <ClCompile Include="D:\C++ Projects\CSC8503 2023\CSC8503CoreClasses\OrientationConstraint.h">
      <Filter>Physics</Filter>
    </ClCompile>
    <ClCompile Include="D:\C++ Projects\CSC8503 2023\CSC8503CoreClasses\PhysicsObject.cpp">
      <Filter>Physics</Filter>
    </ClCompile>
    <ClCompile Include="D:\C++ Projects\CSC8503 2023\CSC8503CoreClasses\PhysicsObject.h">
      <Filter>Physics</Filter>
    </ClCompile>
    <ClCompile Include="D:\C++ Projects\CSC8503 2023\CSC8503CoreClasses\PhysicsSystem.cpp">
      <Filter>Physics</Filter>
    </ClCompile>
    <ClCompile Include="D:\C++ Projects\CSC8503 2023\CSC8503CoreClasses\PhysicsSystem.h">
      <Filter>Physics</Filter>
    </ClCompile>
    <ClCompile Include="D:\C++ Projects\CSC8503 2023\CSC8503CoreClasses\enet\callbacks.c">
      <Filter>eNet</Filter>
    </ClCompile>
    <ClCompile Include="D:\C++ Projects\CSC8503 2023\CSC8503CoreClasses\enet\list.h">
      <Filter>eNet</Filter>
    </ClCompile>
    <ClCompile Include="D:\C++ Projects\CSC8503 2023\CSC8503CoreClasses\enet\list.c">
      <Filter>eNet</Filter>
    </ClCompile>
    <ClCompile Include="D:\C++ Projects\CSC8503 2023\CSC8503CoreClasses\enet\protocol.h">
      <Filter>eNet</Filter>
    </ClCompile>
    <ClCompile Include="D:\C++ Projects\CSC8503 2023\CSC8503CoreClasses\enet\protocol.c">
      <Filter>eNet</Filter>
    </ClCompile>
    <ClCompile Include="D:\C++ Projects\CSC8503 2023\CSC8503CoreClasses\enet\win32.h">
      <Filter>eNet</Filter>
    </ClCompile>
    <ClCompile Include="D:\C++ Projects\CSC8503 2023\CSC8503CoreClasses\enet\win32.c">
      <Filter>eNet</Filter>
    </ClCompile>
    <ClCompile Include="D:\C++ Projects\CSC8503 2023\CSC8503CoreClasses\enet\enet.h">
      <Filter>eNet</Filter>
    </ClCompile>
    <ClCompile Include="D:\C++ Projects\CSC8503 2023\CSC8503CoreClasses\enet\time.h">
      <Filter>eNet</Filter>
    </ClCompile>
    <ClCompile Include="D:\C++ Projects\CSC8503 2023\CSC8503CoreClasses\enet\types.h">
      <Filter>eNet</Filter>
    </ClCompile>
    <ClCompile Include="D:\C++ Projects\CSC8503 2023\CSC8503CoreClasses\enet\utility.h">
      <Filter>eNet</Filter>
    </ClCompile>
    <ClCompile Include="D:\C++ Projects\CSC8503 2023\CSC8503CoreClasses\enet\compress.c">
      <Filter>eNet</Filter>
    </ClCompile>
    <ClCompile Include="D:\C++ Projects\CSC8503 2023\CSC8503CoreClasses\enet\host.c">
      <Filter>eNet</Filter>
    </ClCompile>
    <ClCompile Include="D:\C++ Projects\CSC8503 2023\CSC8503CoreClasses\enet\packet.c">
      <Filter>eNet</Filter>
    </ClCompile>
    <ClCompile Include="D:\C++ Projects\CSC8503 2023\CSC8503CoreClasses\enet\peer.c">
      <Filter>eNet</Filter>
    </ClCompile>
  </ItemGroup>
  <ItemGroup>
    <ClInclude Include="D:\C++ Projects\CSC8503 2023\CSC8503CoreClasses\CMakeFiles\CSC8503CoreClasses.dir\Debug\cmake_pch.hxx">
      <Filter>Precompile Header File</Filter>
    </ClInclude>
    <ClInclude Include="D:\C++ Projects\CSC8503 2023\CSC8503CoreClasses\CMakeFiles\CSC8503CoreClasses.dir\Release\cmake_pch.hxx">
      <Filter>Precompile Header File</Filter>
    </ClInclude>
  </ItemGroup>
  <ItemGroup>
    <CustomBuild Include="D:\C++ Projects\CSC8503 2023\CSC8503CoreClasses\CMakeLists.txt" />
  </ItemGroup>
  <ItemGroup>
    <Filter Include="AI">
      <UniqueIdentifier>{77A0CDB6-2748-31F2-887C-6FBB52E9E5C1}</UniqueIdentifier>
    </Filter>
    <Filter Include="AI\Behaviour Trees">
      <UniqueIdentifier>{AB1CBAF2-0245-37F1-A728-7C8398F025C4}</UniqueIdentifier>
    </Filter>
    <Filter Include="AI\Pathfinding">
      <UniqueIdentifier>{2593521C-ADEC-3778-AA4D-C1A42279F6BA}</UniqueIdentifier>
    </Filter>
    <Filter Include="AI\Pushdown Automata">
      <UniqueIdentifier>{D75EAAE0-B027-391F-AC27-EF77DF1AD0A1}</UniqueIdentifier>
    </Filter>
    <Filter Include="AI\State Machine">
      <UniqueIdentifier>{FE75E0EB-3538-3C5D-BF63-CC0EA9CCC3DA}</UniqueIdentifier>
    </Filter>
    <Filter Include="Collision Detection">
      <UniqueIdentifier>{99017F9F-2F59-3DFA-BEEC-C2323BF83A72}</UniqueIdentifier>
    </Filter>
    <Filter Include="Header Files">
      <UniqueIdentifier>{62FF7E66-0C97-3284-ACA9-55979B7584F2}</UniqueIdentifier>
    </Filter>
    <Filter Include="Networking">
      <UniqueIdentifier>{2F6681A3-4E2D-36AE-B5A3-02017A31D827}</UniqueIdentifier>
    </Filter>
    <Filter Include="Physics">
      <UniqueIdentifier>{0A487561-7455-3567-9826-2D9A5DA141DE}</UniqueIdentifier>
    </Filter>
    <Filter Include="Precompile Header File">
      <UniqueIdentifier>{3C872C43-79E2-35E6-85AF-9A86D9527E10}</UniqueIdentifier>
    </Filter>
    <Filter Include="Source Files">
      <UniqueIdentifier>{F8FFE096-1A1A-3958-B4B6-ABB76A9EE32F}</UniqueIdentifier>
    </Filter>
    <Filter Include="eNet">
      <UniqueIdentifier>{36F788D6-B3D7-3A2B-A8C7-8925F28B7C7E}</UniqueIdentifier>
    </Filter>
  </ItemGroup>
</Project>
